<?xml version="1.0" encoding="utf-8"?>
<Project ToolsVersion="4.0" xmlns="http://schemas.microsoft.com/developer/msbuild/2003">
  <ItemGroup>
    <Filter Include="Game">
      <UniqueIdentifier>{0e7293c9-60c9-4903-8fef-50269c1617b5}</UniqueIdentifier>
    </Filter>
    <Filter Include="GameEngine">
      <UniqueIdentifier>{8c48a1d0-da3c-47f9-9e0d-cada9c26833e}</UniqueIdentifier>
    </Filter>
    <Filter Include="GameEngine\Window System">
      <UniqueIdentifier>{b72e1283-a3c2-415e-bea2-ace58c35622e}</UniqueIdentifier>
    </Filter>
    <Filter Include="GameEngine\GraphicsEngine">
      <UniqueIdentifier>{a9cf0cd6-5376-4f4e-a6f9-742c9f6813c9}</UniqueIdentifier>
    </Filter>
    <Filter Include="GameEngine\Math">
      <UniqueIdentifier>{ad985211-baf3-408a-9814-9d033ee209af}</UniqueIdentifier>
    </Filter>
    <Filter Include="GameEngine\InputSystem">
      <UniqueIdentifier>{ac9810b9-4c14-489c-bfd5-920ffb9dddad}</UniqueIdentifier>
    </Filter>
    <Filter Include="GameEngine\GraphicsEngine\Rendering">
      <UniqueIdentifier>{316d9b40-7496-417d-af48-6dc5624a1145}</UniqueIdentifier>
    </Filter>
    <Filter Include="GameEngine\GraphicsEngine\Rendering\ConstantBuffer">
      <UniqueIdentifier>{3b444bd3-2bf6-44bc-a69d-46d9167b552c}</UniqueIdentifier>
    </Filter>
    <Filter Include="GameEngine\GraphicsEngine\Rendering\DeviceContext">
      <UniqueIdentifier>{8e50a8e4-1e94-4dda-a917-423906caf8b7}</UniqueIdentifier>
    </Filter>
    <Filter Include="GameEngine\GraphicsEngine\Rendering\IndexBuffer">
      <UniqueIdentifier>{e7172862-9bd5-41f0-91b7-c2950157a741}</UniqueIdentifier>
    </Filter>
    <Filter Include="GameEngine\GraphicsEngine\Rendering\PixelShader">
      <UniqueIdentifier>{f146f11e-c9da-4f3b-b0cf-c8040c07bc7b}</UniqueIdentifier>
    </Filter>
    <Filter Include="GameEngine\GraphicsEngine\Rendering\SwapChain">
      <UniqueIdentifier>{650aabed-6fba-45eb-b7e0-bc3cfd789ca5}</UniqueIdentifier>
    </Filter>
    <Filter Include="GameEngine\GraphicsEngine\Rendering\VertexBuffer">
      <UniqueIdentifier>{a74aed9c-764e-4218-9543-dd12a60490f9}</UniqueIdentifier>
    </Filter>
    <Filter Include="GameEngine\GraphicsEngine\Rendering\VertexShader">
      <UniqueIdentifier>{0f0644c0-c968-483b-ade6-fde6e5e6c693}</UniqueIdentifier>
    </Filter>
    <Filter Include="GameEngine\GraphicsEngine\Rendering\ResourceManager">
      <UniqueIdentifier>{c5c1f8d9-8455-4ac0-9c8f-543ce6ff125c}</UniqueIdentifier>
    </Filter>
    <Filter Include="GameEngine\GraphicsEngine\Rendering\ResourceManager\TextureManager">
      <UniqueIdentifier>{abfb7a07-a218-423f-9c33-252f8a890799}</UniqueIdentifier>
    </Filter>
    <Filter Include="GameEngine\GraphicsEngine\Rendering\ResourceManager\MeshManager">
      <UniqueIdentifier>{ea63fd81-2ae5-4080-a5e8-edc3d90c08ce}</UniqueIdentifier>
    </Filter>
    <Filter Include="Game\Shaders">
      <UniqueIdentifier>{037eb342-bbae-4245-b4d3-1c6176def98d}</UniqueIdentifier>
    </Filter>
  </ItemGroup>
  <ItemGroup>
    <ClCompile Include="main.cpp">
      <Filter>Game</Filter>
    </ClCompile>
    <ClCompile Include="GameWindow.cpp">
      <Filter>Game</Filter>
    </ClCompile>
    <ClCompile Include="Window.cpp">
      <Filter>GameEngine\Window System</Filter>
    </ClCompile>
    <ClCompile Include="GraphicsEngine.cpp">
      <Filter>GameEngine\GraphicsEngine</Filter>
    </ClCompile>
    <ClCompile Include="SwapChain.cpp">
      <Filter>GameEngine\GraphicsEngine\Rendering\SwapChain</Filter>
    </ClCompile>
    <ClCompile Include="DeviceContext.cpp">
      <Filter>GameEngine\GraphicsEngine\Rendering\DeviceContext</Filter>
    </ClCompile>
    <ClCompile Include="VertexBuffer.cpp">
      <Filter>GameEngine\GraphicsEngine\Rendering\VertexBuffer</Filter>
    </ClCompile>
    <ClCompile Include="VertexShader.cpp">
      <Filter>GameEngine\GraphicsEngine\Rendering\VertexShader</Filter>
    </ClCompile>
    <ClCompile Include="PixelShader.cpp">
      <Filter>GameEngine\GraphicsEngine\Rendering\PixelShader</Filter>
    </ClCompile>
    <ClCompile Include="ConstantBuffer.cpp">
      <Filter>GameEngine\GraphicsEngine\Rendering\ConstantBuffer</Filter>
    </ClCompile>
    <ClCompile Include="IndexBuffer.cpp">
      <Filter>GameEngine\GraphicsEngine\Rendering\IndexBuffer</Filter>
    </ClCompile>
    <ClCompile Include="InputSystem.cpp">
      <Filter>GameEngine\InputSystem</Filter>
    </ClCompile>
    <ClCompile Include="RenderSystem.cpp">
      <Filter>GameEngine\GraphicsEngine\Rendering</Filter>
    </ClCompile>
    <ClCompile Include="ResourceManager.cpp">
      <Filter>GameEngine\GraphicsEngine\Rendering\ResourceManager</Filter>
    </ClCompile>
    <ClCompile Include="Resource.cpp">
      <Filter>GameEngine\GraphicsEngine\Rendering\ResourceManager</Filter>
    </ClCompile>
    <ClCompile Include="TextureManager.cpp">
      <Filter>GameEngine\GraphicsEngine\Rendering\ResourceManager\TextureManager</Filter>
    </ClCompile>
    <ClCompile Include="Texture.cpp">
      <Filter>GameEngine\GraphicsEngine\Rendering\ResourceManager\TextureManager</Filter>
    </ClCompile>
    <ClCompile Include="MeshManager.cpp">
      <Filter>GameEngine\GraphicsEngine\Rendering\ResourceManager\MeshManager</Filter>
    </ClCompile>
    <ClCompile Include="Mesh.cpp">
      <Filter>GameEngine\GraphicsEngine\Rendering\ResourceManager\MeshManager</Filter>
    </ClCompile>
  </ItemGroup>
  <ItemGroup>
    <ClInclude Include="GameWindow.h">
      <Filter>Game</Filter>
    </ClInclude>
    <ClInclude Include="Window.h">
      <Filter>GameEngine\Window System</Filter>
    </ClInclude>
    <ClInclude Include="GraphicsEngine.h">
      <Filter>GameEngine\GraphicsEngine</Filter>
    </ClInclude>
    <ClInclude Include="SwapChain.h">
      <Filter>GameEngine\GraphicsEngine\Rendering\SwapChain</Filter>
    </ClInclude>
    <ClInclude Include="DeviceContext.h">
      <Filter>GameEngine\GraphicsEngine\Rendering\DeviceContext</Filter>
    </ClInclude>
    <ClInclude Include="VertexBuffer.h">
      <Filter>GameEngine\GraphicsEngine\Rendering\VertexBuffer</Filter>
    </ClInclude>
    <ClInclude Include="VertexShader.h">
      <Filter>GameEngine\GraphicsEngine\Rendering\VertexShader</Filter>
    </ClInclude>
    <ClInclude Include="PixelShader.h">
      <Filter>GameEngine\GraphicsEngine\Rendering\PixelShader</Filter>
    </ClInclude>
    <ClInclude Include="ConstantBuffer.h">
      <Filter>GameEngine\GraphicsEngine\Rendering\ConstantBuffer</Filter>
    </ClInclude>
    <ClInclude Include="Vector3D.h">
      <Filter>GameEngine\Math</Filter>
    </ClInclude>
    <ClInclude Include="Matrix4x4.h">
      <Filter>GameEngine\Math</Filter>
    </ClInclude>
    <ClInclude Include="IndexBuffer.h">
      <Filter>GameEngine\GraphicsEngine\Rendering\IndexBuffer</Filter>
    </ClInclude>
    <ClInclude Include="InputSystem.h">
      <Filter>GameEngine\InputSystem</Filter>
    </ClInclude>
    <ClInclude Include="InputListener.h">
      <Filter>GameEngine\InputSystem</Filter>
    </ClInclude>
    <ClInclude Include="Point.h">
      <Filter>GameEngine\Math</Filter>
    </ClInclude>
    <ClInclude Include="Vector4D.h">
      <Filter>GameEngine\Math</Filter>
    </ClInclude>
    <ClInclude Include="RenderSystem.h">
      <Filter>GameEngine\GraphicsEngine\Rendering</Filter>
    </ClInclude>
    <ClInclude Include="prereq.h">
      <Filter>GameEngine\GraphicsEngine</Filter>
    </ClInclude>
    <ClInclude Include="ResourceManager.h">
      <Filter>GameEngine\GraphicsEngine\Rendering\ResourceManager</Filter>
    </ClInclude>
    <ClInclude Include="Resource.h">
      <Filter>GameEngine\GraphicsEngine\Rendering\ResourceManager</Filter>
    </ClInclude>
    <ClInclude Include="TextureManager.h">
      <Filter>GameEngine\GraphicsEngine\Rendering\ResourceManager\TextureManager</Filter>
    </ClInclude>
    <ClInclude Include="Texture.h">
      <Filter>GameEngine\GraphicsEngine\Rendering\ResourceManager\TextureManager</Filter>
    </ClInclude>
    <ClInclude Include="MeshManager.h">
      <Filter>GameEngine\GraphicsEngine\Rendering\ResourceManager\MeshManager</Filter>
    </ClInclude>
    <ClInclude Include="Mesh.h">
      <Filter>GameEngine\GraphicsEngine\Rendering\ResourceManager\MeshManager</Filter>
    </ClInclude>
    <ClInclude Include="VMesh.h">
      <Filter>GameEngine\Math</Filter>
    </ClInclude>
    <ClInclude Include="Vector2D.h">
      <Filter>GameEngine\Math</Filter>
    </ClInclude>
  </ItemGroup>
  <ItemGroup>
    <FxCompile Include="PixelShader.hlsl">
      <Filter>Game\Shaders</Filter>
    </FxCompile>
    <FxCompile Include="SkyShader.hlsl">
      <Filter>Game\Shaders</Filter>
    </FxCompile>
    <FxCompile Include="VertexShader.hlsl">
      <Filter>Game\Shaders</Filter>
    </FxCompile>
    <FxCompile Include="VertexMeshShader.hlsl">
      <Filter>Game\Shaders</Filter>
    </FxCompile>
    <FxCompile Include="PLVS.hlsl">
      <Filter>Game\Shaders</Filter>
    </FxCompile>
    <FxCompile Include="PLPS.hlsl">
      <Filter>Game\Shaders</Filter>
    </FxCompile>
  </ItemGroup>
</Project>